// !$*UTF8*$!
{
	archiveVersion = 1;
	classes = {
	};
	objectVersion = 48;
	objects = {

/* Begin PBXBuildFile section */
		80442A641F9D959E002E2972 /* AppDelegate.swift in Sources */ = {isa = PBXBuildFile; fileRef = 80442A631F9D959E002E2972 /* AppDelegate.swift */; };
		80442A691F9D959E002E2972 /* Main.storyboard in Resources */ = {isa = PBXBuildFile; fileRef = 80442A671F9D959E002E2972 /* Main.storyboard */; };
		80442A6B1F9D959E002E2972 /* Assets.xcassets in Resources */ = {isa = PBXBuildFile; fileRef = 80442A6A1F9D959E002E2972 /* Assets.xcassets */; };
		80442A6E1F9D959E002E2972 /* LaunchScreen.storyboard in Resources */ = {isa = PBXBuildFile; fileRef = 80442A6C1F9D959E002E2972 /* LaunchScreen.storyboard */; };
		80442A7A1F9D96CA002E2972 /* Cartoon.swift in Sources */ = {isa = PBXBuildFile; fileRef = 80442A791F9D96CA002E2972 /* Cartoon.swift */; };
		80442A7C1F9D983F002E2972 /* ChooseCartoonTableViewController.swift in Sources */ = {isa = PBXBuildFile; fileRef = 80442A7B1F9D983F002E2972 /* ChooseCartoonTableViewController.swift */; };
		80442A7E1F9DA5AC002E2972 /* GuessCartoonViewController.swift in Sources */ = {isa = PBXBuildFile; fileRef = 80442A7D1F9DA5AC002E2972 /* GuessCartoonViewController.swift */; };
/* End PBXBuildFile section */

/* Begin PBXFileReference section */
		80442A601F9D959E002E2972 /* Cartoony.app */ = {isa = PBXFileReference; explicitFileType = wrapper.application; includeInIndex = 0; path = Cartoony.app; sourceTree = BUILT_PRODUCTS_DIR; };
		80442A631F9D959E002E2972 /* AppDelegate.swift */ = {isa = PBXFileReference; lastKnownFileType = sourcecode.swift; path = AppDelegate.swift; sourceTree = "<group>"; };
		80442A681F9D959E002E2972 /* Base */ = {isa = PBXFileReference; lastKnownFileType = file.storyboard; name = Base; path = Base.lproj/Main.storyboard; sourceTree = "<group>"; };
		80442A6A1F9D959E002E2972 /* Assets.xcassets */ = {isa = PBXFileReference; lastKnownFileType = folder.assetcatalog; path = Assets.xcassets; sourceTree = "<group>"; };
		80442A6D1F9D959E002E2972 /* Base */ = {isa = PBXFileReference; lastKnownFileType = file.storyboard; name = Base; path = Base.lproj/LaunchScreen.storyboard; sourceTree = "<group>"; };
		80442A6F1F9D959E002E2972 /* Info.plist */ = {isa = PBXFileReference; lastKnownFileType = text.plist.xml; path = Info.plist; sourceTree = "<group>"; };
		80442A791F9D96CA002E2972 /* Cartoon.swift */ = {isa = PBXFileReference; lastKnownFileType = sourcecode.swift; path = Cartoon.swift; sourceTree = "<group>"; };
		80442A7B1F9D983F002E2972 /* ChooseCartoonTableViewController.swift */ = {isa = PBXFileReference; lastKnownFileType = sourcecode.swift; path = ChooseCartoonTableViewController.swift; sourceTree = "<group>"; };
		80442A7D1F9DA5AC002E2972 /* GuessCartoonViewController.swift */ = {isa = PBXFileReference; lastKnownFileType = sourcecode.swift; path = GuessCartoonViewController.swift; sourceTree = "<group>"; };
/* End PBXFileReference section */

/* Begin PBXFrameworksBuildPhase section */
		80442A5D1F9D959E002E2972 /* Frameworks */ = {
			isa = PBXFrameworksBuildPhase;
			buildActionMask = 2147483647;
			files = (
			);
			runOnlyForDeploymentPostprocessing = 0;
		};
/* End PBXFrameworksBuildPhase section */

/* Begin PBXGroup section */
		80442A571F9D959E002E2972 = {
			isa = PBXGroup;
			children = (
				80442A621F9D959E002E2972 /* Cartoony */,
				80442A611F9D959E002E2972 /* Products */,
			);
			sourceTree = "<group>";
		};
		80442A611F9D959E002E2972 /* Products */ = {
			isa = PBXGroup;
			children = (
				80442A601F9D959E002E2972 /* Cartoony.app */,
			);
			name = Products;
			sourceTree = "<group>";
		};
		80442A621F9D959E002E2972 /* Cartoony */ = {
			isa = PBXGroup;
			children = (
				80442A631F9D959E002E2972 /* AppDelegate.swift */,
				80442A671F9D959E002E2972 /* Main.storyboard */,
				80442A6A1F9D959E002E2972 /* Assets.xcassets */,
				80442A6C1F9D959E002E2972 /* LaunchScreen.storyboard */,
				80442A6F1F9D959E002E2972 /* Info.plist */,
				80442A791F9D96CA002E2972 /* Cartoon.swift */,
				80442A7D1F9DA5AC002E2972 /* GuessCartoonViewController.swift */,
				80442A7B1F9D983F002E2972 /* ChooseCartoonTableViewController.swift */,
			);
			path = Cartoony;
			sourceTree = "<group>";
		};
/* End PBXGroup section */

/* Begin PBXNativeTarget section */
		80442A5F1F9D959E002E2972 /* Cartoony */ = {
			isa = PBXNativeTarget;
			buildConfigurationList = 80442A721F9D959E002E2972 /* Build configuration list for PBXNativeTarget "Cartoony" */;
			buildPhases = (
				80442A5C1F9D959E002E2972 /* Sources */,
				80442A5D1F9D959E002E2972 /* Frameworks */,
				80442A5E1F9D959E002E2972 /* Resources */,
			);
			buildRules = (
			);
			dependencies = (
			);
			name = Cartoony;
			productName = Cartoony;
			productReference = 80442A601F9D959E002E2972 /* Cartoony.app */;
			productType = "com.apple.product-type.application";
		};
/* End PBXNativeTarget section */

/* Begin PBXProject section */
		80442A581F9D959E002E2972 /* Project object */ = {
			isa = PBXProject;
			attributes = {
				LastSwiftUpdateCheck = 0900;
				LastUpgradeCheck = 0900;
				ORGANIZATIONNAME = "Uchenna  Aguocha";
				TargetAttributes = {
					80442A5F1F9D959E002E2972 = {
						CreatedOnToolsVersion = 9.0.1;
						ProvisioningStyle = Automatic;
					};
				};
			};
			buildConfigurationList = 80442A5B1F9D959E002E2972 /* Build configuration list for PBXProject "Cartoony" */;
			compatibilityVersion = "Xcode 8.0";
			developmentRegion = en;
			hasScannedForEncodings = 0;
			knownRegions = (
				en,
				Base,
			);
			mainGroup = 80442A571F9D959E002E2972;
			productRefGroup = 80442A611F9D959E002E2972 /* Products */;
			projectDirPath = "";
			projectRoot = "";
			targets = (
				80442A5F1F9D959E002E2972 /* Cartoony */,
			);
		};
/* End PBXProject section */

/* Begin PBXResourcesBuildPhase section */
		80442A5E1F9D959E002E2972 /* Resources */ = {
			isa = PBXResourcesBuildPhase;
			buildActionMask = 2147483647;
			files = (
				80442A6E1F9D959E002E2972 /* LaunchScreen.storyboard in Resources */,
				80442A6B1F9D959E002E2972 /* Assets.xcassets in Resources */,
				80442A691F9D959E002E2972 /* Main.storyboard in Resources */,
			);
			runOnlyForDeploymentPostprocessing = 0;
		};
/* End PBXResourcesBuildPhase section */

/* Begin PBXSourcesBuildPhase section */
		80442A5C1F9D959E002E2972 /* Sources */ = {
			isa = PBXSourcesBuildPhase;
			buildActionMask = 2147483647;
			files = (
				80442A7A1F9D96CA002E2972 /* Cartoon.swift in Sources */,
				80442A641F9D959E002E2972 /* AppDelegate.swift in Sources */,
				80442A7E1F9DA5AC002E2972 /* GuessCartoonViewController.swift in Sources */,
				80442A7C1F9D983F002E2972 /* ChooseCartoonTableViewController.swift in Sources */,
			);
			runOnlyForDeploymentPostprocessing = 0;
		};
/* End PBXSourcesBuildPhase section */

/* Begin PBXVariantGroup section */
		80442A671F9D959E002E2972 /* Main.storyboard */ = {
			isa = PBXVariantGroup;
			children = (
				80442A681F9D959E002E2972 /* Base */,
			);
			name = Main.storyboard;
			sourceTree = "<group>";
		};
		80442A6C1F9D959E002E2972 /* LaunchScreen.storyboard */ = {
			isa = PBXVariantGroup;
			children = (
				80442A6D1F9D959E002E2972 /* Base */,
			);
			name = LaunchScreen.storyboard;
			sourceTree = "<group>";
		};
/* End PBXVariantGroup section */

/* Begin XCBuildConfiguration section */
		80442A701F9D959E002E2972 /* Debug */ = {
			isa = XCBuildConfiguration;
			buildSettings = {
				ALWAYS_SEARCH_USER_PATHS = NO;
				CLANG_ANALYZER_NONNULL = YES;
				CLANG_ANALYZER_NUMBER_OBJECT_CONVERSION = YES_AGGRESSIVE;
				CLANG_CXX_LANGUAGE_STANDARD = "gnu++14";
				CLANG_CXX_LIBRARY = "libc++";
				CLANG_ENABLE_MODULES = YES;
				CLANG_ENABLE_OBJC_ARC = YES;
				CLANG_WARN_BLOCK_CAPTURE_AUTORELEASING = YES;
				CLANG_WARN_BOOL_CONVERSION = YES;
				CLANG_WARN_COMMA = YES;
				CLANG_WARN_CONSTANT_CONVERSION = YES;
				CLANG_WARN_DIRECT_OBJC_ISA_USAGE = YES_ERROR;
				CLANG_WARN_DOCUMENTATION_COMMENTS = YES;
				CLANG_WARN_EMPTY_BODY = YES;
				CLANG_WARN_ENUM_CONVERSION = YES;
				CLANG_WARN_INFINITE_RECURSION = YES;
				CLANG_WARN_INT_CONVERSION = YES;
				CLANG_WARN_NON_LITERAL_NULL_CONVERSION = YES;
				CLANG_WARN_OBJC_LITERAL_CONVERSION = YES;
				CLANG_WARN_OBJC_ROOT_CLASS = YES_ERROR;
				CLANG_WARN_RANGE_LOOP_ANALYSIS = YES;
				CLANG_WARN_STRICT_PROTOTYPES = YES;
				CLANG_WARN_SUSPICIOUS_MOVE = YES;
				CLANG_WARN_UNGUARDED_AVAILABILITY = YES_AGGRESSIVE;
				CLANG_WARN_UNREACHABLE_CODE = YES;
				CLANG_WARN__DUPLICATE_METHOD_MATCH = YES;
				CODE_SIGN_IDENTITY = "iPhone Developer";
				COPY_PHASE_STRIP = NO;
				DEBUG_INFORMATION_FORMAT = dwarf;
				ENABLE_STRICT_OBJC_MSGSEND = YES;
				ENABLE_TESTABILITY = YES;
				GCC_C_LANGUAGE_STANDARD = gnu11;
				GCC_DYNAMIC_NO_PIC = NO;
				GCC_NO_COMMON_BLOCKS = YES;
				GCC_OPTIMIZATION_LEVEL = 0;
				GCC_PREPROCESSOR_DEFINITIONS = (
					"DEBUG=1",
					"$(inherited)",
				);
				GCC_WARN_64_TO_32_BIT_CONVERSION = YES;
				GCC_WARN_ABOUT_RETURN_TYPE = YES_ERROR;
				GCC_WARN_UNDECLARED_SELECTOR = YES;
				GCC_WARN_UNINITIALIZED_AUTOS = YES_AGGRESSIVE;
				GCC_WARN_UNUSED_FUNCTION = YES;
				GCC_WARN_UNUSED_VARIABLE = YES;
				IPHONEOS_DEPLOYMENT_TARGET = 11.0;
				MTL_ENABLE_DEBUG_INFO = YES;
				ONLY_ACTIVE_ARCH = YES;
				SDKROOT = iphoneos;
				SWIFT_ACTIVE_COMPILATION_CONDITIONS = DEBUG;
				SWIFT_OPTIMIZATION_LEVEL = "-Onone";
			};
			name = Debug;
		};
		80442A711F9D959E002E2972 /* Release */ = {
			isa = XCBuildConfiguration;
			buildSettings = {
				ALWAYS_SEARCH_USER_PATHS = NO;
				CLANG_ANALYZER_NONNULL = YES;
				CLANG_ANALYZER_NUMBER_OBJECT_CONVERSION = YES_AGGRESSIVE;
				CLANG_CXX_LANGUAGE_STANDARD = "gnu++14";
				CLANG_CXX_LIBRARY = "libc++";
				CLANG_ENABLE_MODULES = YES;
				CLANG_ENABLE_OBJC_ARC = YES;
				CLANG_WARN_BLOCK_CAPTURE_AUTORELEASING = YES;
				CLANG_WARN_BOOL_CONVERSION = YES;
				CLANG_WARN_COMMA = YES;
				CLANG_WARN_CONSTANT_CONVERSION = YES;
				CLANG_WARN_DIRECT_OBJC_ISA_USAGE = YES_ERROR;
				CLANG_WARN_DOCUMENTATION_COMMENTS = YES;
				CLANG_WARN_EMPTY_BODY = YES;
				CLANG_WARN_ENUM_CONVERSION = YES;
				CLANG_WARN_INFINITE_RECURSION = YES;
				CLANG_WARN_INT_CONVERSION = YES;
				CLANG_WARN_NON_LITERAL_NULL_CONVERSION = YES;
				CLANG_WARN_OBJC_LITERAL_CONVERSION = YES;
				CLANG_WARN_OBJC_ROOT_CLASS = YES_ERROR;
				CLANG_WARN_RANGE_LOOP_ANALYSIS = YES;
				CLANG_WARN_STRICT_PROTOTYPES = YES;
				CLANG_WARN_SUSPICIOUS_MOVE = YES;
				CLANG_WARN_UNGUARDED_AVAILABILITY = YES_AGGRESSIVE;
				CLANG_WARN_UNREACHABLE_CODE = YES;
				CLANG_WARN__DUPLICATE_METHOD_MATCH = YES;
				CODE_SIGN_IDENTITY = "iPhone Developer";
				COPY_PHASE_STRIP = NO;
				DEBUG_INFORMATION_FORMAT = "dwarf-with-dsym";
				ENABLE_NS_ASSERTIONS = NO;
				ENABLE_STRICT_OBJC_MSGSEND = YES;
				GCC_C_LANGUAGE_STANDARD = gnu11;
				GCC_NO_COMMON_BLOCKS = YES;
				GCC_WARN_64_TO_32_BIT_CONVERSION = YES;
				GCC_WARN_ABOUT_RETURN_TYPE = YES_ERROR;
				GCC_WARN_UNDECLARED_SELECTOR = YES;
				GCC_WARN_UNINITIALIZED_AUTOS = YES_AGGRESSIVE;
				GCC_WARN_UNUSED_FUNCTION = YES;
				GCC_WARN_UNUSED_VARIABLE = YES;
				IPHONEOS_DEPLOYMENT_TARGET = 11.0;
				MTL_ENABLE_DEBUG_INFO = NO;
				SDKROOT = iphoneos;
				SWIFT_OPTIMIZATION_LEVEL = "-Owholemodule";
				VALIDATE_PRODUCT = YES;
			};
			name = Release;
		};
		80442A731F9D959E002E2972 /* Debug */ = {
			isa = XCBuildConfiguration;
			buildSettings = {
				ASSETCATALOG_COMPILER_APPICON_NAME = AppIcon;
				CODE_SIGN_STYLE = Automatic;
				DEVELOPMENT_TEAM = 854F25WCHE;
				INFOPLIST_FILE = Cartoony/Info.plist;
				LD_RUNPATH_SEARCH_PATHS = "$(inherited) @executable_path/Frameworks";
				PRODUCT_BUNDLE_IDENTIFIER = com.uchstudio.Cartoony;
				PRODUCT_NAME = "$(TARGET_NAME)";
				SWIFT_VERSION = 4.0;
				TARGETED_DEVICE_FAMILY = "1,2";
			};
			name = Debug;
		};
		80442A741F9D959E002E2972 /* Release */ = {
			isa = XCBuildConfiguration;
			buildSettings = {
				ASSETCATALOG_COMPILER_APPICON_NAME = AppIcon;
				CODE_SIGN_STYLE = Automatic;
				DEVELOPMENT_TEAM = 854F25WCHE;
				INFOPLIST_FILE = Cartoony/Info.plist;
				LD_RUNPATH_SEARCH_PATHS = "$(inherited) @executable_path/Frameworks";
				PRODUCT_BUNDLE_IDENTIFIER = com.uchstudio.Cartoony;
				PRODUCT_NAME = "$(TARGET_NAME)";
				SWIFT_VERSION = 4.0;
				TARGETED_DEVICE_FAMILY = "1,2";
			};
			name = Release;
		};
/* End XCBuildConfiguration section */

/* Begin XCConfigurationList section */
		80442A5B1F9D959E002E2972 /* Build configuration list for PBXProject "Cartoony" */ = {
			isa = XCConfigurationList;
			buildConfigurations = (
				80442A701F9D959E002E2972 /* Debug */,
				80442A711F9D959E002E2972 /* Release */,
			);
			defaultConfigurationIsVisible = 0;
			defaultConfigurationName = Release;
		};
		80442A721F9D959E002E2972 /* Build configuration list for PBXNativeTarget "Cartoony" */ = {
			isa = XCConfigurationList;
			buildConfigurations = (
				80442A731F9D959E002E2972 /* Debug */,
				80442A741F9D959E002E2972 /* Release */,
			);
			defaultConfigurationIsVisible = 0;
			defaultConfigurationName = Release;
		};
/* End XCConfigurationList section */
	};
	rootObject = 80442A581F9D959E002E2972 /* Project object */;
}
